
Microsoft Visual Studio Solution File, Format Version 12.00
# Visual Studio Version 17
VisualStudioVersion = 17.4.33110.190
MinimumVisualStudioVersion = 10.0.40219.1
Project("{FAE04EC0-301F-11D3-BF4B-00C04F79EFBC}") = "Snake", "Snake\Snake.csproj", "{436CFBC4-BBF4-4191-B08B-98A7070E9726}"
EndProject
Global
	GlobalSection(SolutionConfigurationPlatforms) = preSolution
		Debug|Any CPU = Debug|Any CPU
		Release|Any CPU = Release|Any CPU
	EndGlobalSection
	GlobalSection(ProjectConfigurationPlatforms) = postSolution
		{436CFBC4-BBF4-4191-B08B-98A7070E9726}.Debug|Any CPU.ActiveCfg = Debug|Any CPU
		{436CFBC4-BBF4-4191-B08B-98A7070E9726}.Debug|Any CPU.Build.0 = Debug|Any CPU
		{436CFBC4-BBF4-4191-B08B-98A7070E9726}.Release|Any CPU.ActiveCfg = Release|Any CPU
		{436CFBC4-BBF4-4191-B08B-98A7070E9726}.Release|Any CPU.Build.0 = Release|Any CPU
	EndGlobalSection
	GlobalSection(SolutionProperties) = preSolution
		HideSolutionNode = FALSE
	EndGlobalSection
	GlobalSection(ExtensibilityGlobals) = postSolution
		SolutionGuid = {37135433-588D-4A60-8E78-88EC00651260}
	EndGlobalSection
EndGlobal
